
Microsoft Visual Studio Solution File, Format Version 12.00
# Visual Studio Version 16
VisualStudioVersion = 16.0.31702.278
MinimumVisualStudioVersion = 10.0.40219.1
Project("{FAE04EC0-301F-11D3-BF4B-00C04F79EFBC}") = "FinalExam", "FinalExam\FinalExam.csproj", "{749EF5EF-08D0-4B50-A9C7-D8E39C89C931}"
EndProject
Global
	GlobalSection(SolutionConfigurationPlatforms) = preSolution
		Debug|Any CPU = Debug|Any CPU
		Release|Any CPU = Release|Any CPU
	EndGlobalSection
	GlobalSection(ProjectConfigurationPlatforms) = postSolution
		{749EF5EF-08D0-4B50-A9C7-D8E39C89C931}.Debug|Any CPU.ActiveCfg = Debug|Any CPU
		{749EF5EF-08D0-4B50-A9C7-D8E39C89C931}.Debug|Any CPU.Build.0 = Debug|Any CPU
		{749EF5EF-08D0-4B50-A9C7-D8E39C89C931}.Release|Any CPU.ActiveCfg = Release|Any CPU
		{749EF5EF-08D0-4B50-A9C7-D8E39C89C931}.Release|Any CPU.Build.0 = Release|Any CPU
	EndGlobalSection
	GlobalSection(SolutionProperties) = preSolution
		HideSolutionNode = FALSE
	EndGlobalSection
	GlobalSection(ExtensibilityGlobals) = postSolution
		SolutionGuid = {DB793AB4-9F1E-4140-B6C0-25D633BF5FE7}
	EndGlobalSection
EndGlobal
